
Microsoft Visual Studio Solution File, Format Version 12.00
# Visual Studio Version 17
VisualStudioVersion = 17.5.33627.172
MinimumVisualStudioVersion = 10.0.40219.1
Project("{FAE04EC0-301F-11D3-BF4B-00C04F79EFBC}") = "BirdsFlyingAroundApp", "BirdsFlyingAroundApp\BirdsFlyingAroundApp.csproj", "{3DB8C8B3-0715-416D-BC31-810869987F2A}"
EndProject
Global
	GlobalSection(SolutionConfigurationPlatforms) = preSolution
		Debug|Any CPU = Debug|Any CPU
		Release|Any CPU = Release|Any CPU
	EndGlobalSection
	GlobalSection(ProjectConfigurationPlatforms) = postSolution
		{3DB8C8B3-0715-416D-BC31-810869987F2A}.Debug|Any CPU.ActiveCfg = Debug|Any CPU
		{3DB8C8B3-0715-416D-BC31-810869987F2A}.Debug|Any CPU.Build.0 = Debug|Any CPU
		{3DB8C8B3-0715-416D-BC31-810869987F2A}.Release|Any CPU.ActiveCfg = Release|Any CPU
		{3DB8C8B3-0715-416D-BC31-810869987F2A}.Release|Any CPU.Build.0 = Release|Any CPU
	EndGlobalSection
	GlobalSection(SolutionProperties) = preSolution
		HideSolutionNode = FALSE
	EndGlobalSection
	GlobalSection(ExtensibilityGlobals) = postSolution
		SolutionGuid = {0A7DEB4A-B79A-4AA7-A02C-69A003A6D33D}
	EndGlobalSection
EndGlobal
