
Microsoft Visual Studio Solution File, Format Version 12.00
# Visual Studio Version 17
VisualStudioVersion = 17.5.33627.172
MinimumVisualStudioVersion = 10.0.40219.1
Project("{FAE04EC0-301F-11D3-BF4B-00C04F79EFBC}") = "DiningPhilophers", "DiningPhilophers\DiningPhilophers.csproj", "{1063F840-8C08-44C5-9BC8-E14590157281}"
EndProject
Global
	GlobalSection(SolutionConfigurationPlatforms) = preSolution
		Debug|Any CPU = Debug|Any CPU
		Release|Any CPU = Release|Any CPU
	EndGlobalSection
	GlobalSection(ProjectConfigurationPlatforms) = postSolution
		{1063F840-8C08-44C5-9BC8-E14590157281}.Debug|Any CPU.ActiveCfg = Debug|Any CPU
		{1063F840-8C08-44C5-9BC8-E14590157281}.Debug|Any CPU.Build.0 = Debug|Any CPU
		{1063F840-8C08-44C5-9BC8-E14590157281}.Release|Any CPU.ActiveCfg = Release|Any CPU
		{1063F840-8C08-44C5-9BC8-E14590157281}.Release|Any CPU.Build.0 = Release|Any CPU
	EndGlobalSection
	GlobalSection(SolutionProperties) = preSolution
		HideSolutionNode = FALSE
	EndGlobalSection
	GlobalSection(ExtensibilityGlobals) = postSolution
		SolutionGuid = {BFFF9BB4-DF56-46D5-A2B5-D2EB3BCD8212}
	EndGlobalSection
EndGlobal
