
Microsoft Visual Studio Solution File, Format Version 12.00
# Visual Studio Version 17
VisualStudioVersion = 17.5.33627.172
MinimumVisualStudioVersion = 10.0.40219.1
Project("{FAE04EC0-301F-11D3-BF4B-00C04F79EFBC}") = "ThreadSyncExample", "ThreadSyncExample\ThreadSyncExample.csproj", "{F3BAE389-899F-4D2C-8108-9C7AFCF1616B}"
EndProject
Global
	GlobalSection(SolutionConfigurationPlatforms) = preSolution
		Debug|Any CPU = Debug|Any CPU
		Release|Any CPU = Release|Any CPU
	EndGlobalSection
	GlobalSection(ProjectConfigurationPlatforms) = postSolution
		{F3BAE389-899F-4D2C-8108-9C7AFCF1616B}.Debug|Any CPU.ActiveCfg = Debug|Any CPU
		{F3BAE389-899F-4D2C-8108-9C7AFCF1616B}.Debug|Any CPU.Build.0 = Debug|Any CPU
		{F3BAE389-899F-4D2C-8108-9C7AFCF1616B}.Release|Any CPU.ActiveCfg = Release|Any CPU
		{F3BAE389-899F-4D2C-8108-9C7AFCF1616B}.Release|Any CPU.Build.0 = Release|Any CPU
	EndGlobalSection
	GlobalSection(SolutionProperties) = preSolution
		HideSolutionNode = FALSE
	EndGlobalSection
	GlobalSection(ExtensibilityGlobals) = postSolution
		SolutionGuid = {970A7E97-DB15-404F-9357-BF07463CD86D}
	EndGlobalSection
EndGlobal
