
Microsoft Visual Studio Solution File, Format Version 12.00
# Visual Studio Version 17
VisualStudioVersion = 17.5.33627.172
MinimumVisualStudioVersion = 10.0.40219.1
Project("{FAE04EC0-301F-11D3-BF4B-00C04F79EFBC}") = "Øvelse4Thread", "Øvelse4Thread\Øvelse4Thread.csproj", "{7BD34234-2A17-4C02-ADF1-BFE5B5741FC2}"
EndProject
Global
	GlobalSection(SolutionConfigurationPlatforms) = preSolution
		Debug|Any CPU = Debug|Any CPU
		Release|Any CPU = Release|Any CPU
	EndGlobalSection
	GlobalSection(ProjectConfigurationPlatforms) = postSolution
		{7BD34234-2A17-4C02-ADF1-BFE5B5741FC2}.Debug|Any CPU.ActiveCfg = Debug|Any CPU
		{7BD34234-2A17-4C02-ADF1-BFE5B5741FC2}.Debug|Any CPU.Build.0 = Debug|Any CPU
		{7BD34234-2A17-4C02-ADF1-BFE5B5741FC2}.Release|Any CPU.ActiveCfg = Release|Any CPU
		{7BD34234-2A17-4C02-ADF1-BFE5B5741FC2}.Release|Any CPU.Build.0 = Release|Any CPU
	EndGlobalSection
	GlobalSection(SolutionProperties) = preSolution
		HideSolutionNode = FALSE
	EndGlobalSection
	GlobalSection(ExtensibilityGlobals) = postSolution
		SolutionGuid = {4596C720-26FC-4E43-8046-EB278E261C74}
	EndGlobalSection
EndGlobal
