
Microsoft Visual Studio Solution File, Format Version 12.00
# Visual Studio Version 17
VisualStudioVersion = 17.5.33627.172
MinimumVisualStudioVersion = 10.0.40219.1
Project("{FAE04EC0-301F-11D3-BF4B-00C04F79EFBC}") = "Øvelse2Thread", "Øvelse2Thread\Øvelse2Thread.csproj", "{CF3B5B3E-D1A4-4E6D-B95D-E8B312A342E1}"
EndProject
Global
	GlobalSection(SolutionConfigurationPlatforms) = preSolution
		Debug|Any CPU = Debug|Any CPU
		Release|Any CPU = Release|Any CPU
	EndGlobalSection
	GlobalSection(ProjectConfigurationPlatforms) = postSolution
		{CF3B5B3E-D1A4-4E6D-B95D-E8B312A342E1}.Debug|Any CPU.ActiveCfg = Debug|Any CPU
		{CF3B5B3E-D1A4-4E6D-B95D-E8B312A342E1}.Debug|Any CPU.Build.0 = Debug|Any CPU
		{CF3B5B3E-D1A4-4E6D-B95D-E8B312A342E1}.Release|Any CPU.ActiveCfg = Release|Any CPU
		{CF3B5B3E-D1A4-4E6D-B95D-E8B312A342E1}.Release|Any CPU.Build.0 = Release|Any CPU
	EndGlobalSection
	GlobalSection(SolutionProperties) = preSolution
		HideSolutionNode = FALSE
	EndGlobalSection
	GlobalSection(ExtensibilityGlobals) = postSolution
		SolutionGuid = {2768964A-4093-49F4-B972-8E8356F1C6EB}
	EndGlobalSection
EndGlobal
